
Microsoft Visual Studio Solution File, Format Version 12.00
# Visual Studio Version 17
VisualStudioVersion = 17.10.34902.84
MinimumVisualStudioVersion = 10.0.40219.1
Project("{9A19103F-16F7-4668-BE54-9A1E7A4F7556}") = "Interest Calculator", "Interest Calculator.csproj", "{7019A83A-75FA-42AB-96F8-023F9CF487C4}"
EndProject
Project("{54435603-DBB4-11D2-8724-00A0C9A8B90C}") = "SI Calc", "..\SI Calc\SI Calc.vdproj", "{071FB2AE-E95C-4263-B100-6EA5401748F5}"
EndProject
Global
	GlobalSection(SolutionConfigurationPlatforms) = preSolution
		Debug|Any CPU = Debug|Any CPU
		Release|Any CPU = Release|Any CPU
	EndGlobalSection
	GlobalSection(ProjectConfigurationPlatforms) = postSolution
		{7019A83A-75FA-42AB-96F8-023F9CF487C4}.Debug|Any CPU.ActiveCfg = Debug|Any CPU
		{7019A83A-75FA-42AB-96F8-023F9CF487C4}.Debug|Any CPU.Build.0 = Debug|Any CPU
		{7019A83A-75FA-42AB-96F8-023F9CF487C4}.Release|Any CPU.ActiveCfg = Release|Any CPU
		{7019A83A-75FA-42AB-96F8-023F9CF487C4}.Release|Any CPU.Build.0 = Release|Any CPU
		{071FB2AE-E95C-4263-B100-6EA5401748F5}.Debug|Any CPU.ActiveCfg = Debug
		{071FB2AE-E95C-4263-B100-6EA5401748F5}.Release|Any CPU.ActiveCfg = Release
	EndGlobalSection
	GlobalSection(SolutionProperties) = preSolution
		HideSolutionNode = FALSE
	EndGlobalSection
	GlobalSection(ExtensibilityGlobals) = postSolution
		SolutionGuid = {4FC9B855-AC3C-421F-BDCA-9C83697E97CC}
	EndGlobalSection
EndGlobal
